
Microsoft Visual Studio Solution File, Format Version 12.00
# Visual Studio 15
VisualStudioVersion = 15.0.27428.2015
MinimumVisualStudioVersion = 10.0.40219.1
Project("{FAE04EC0-301F-11D3-BF4B-00C04F79EFBC}") = "ClinicalOffice.WPF.Dialogs", "ClinicalOffice.WPF.Dialogs\ClinicalOffice.WPF.Dialogs.csproj", "{5CC1E533-E7D9-4E42-A709-C5720547358E}"
EndProject
Global
	GlobalSection(SolutionConfigurationPlatforms) = preSolution
		Debug|Any CPU = Debug|Any CPU
		Release|Any CPU = Release|Any CPU
	EndGlobalSection
	GlobalSection(ProjectConfigurationPlatforms) = postSolution
		{5CC1E533-E7D9-4E42-A709-C5720547358E}.Debug|Any CPU.ActiveCfg = Debug|Any CPU
		{5CC1E533-E7D9-4E42-A709-C5720547358E}.Debug|Any CPU.Build.0 = Debug|Any CPU
		{5CC1E533-E7D9-4E42-A709-C5720547358E}.Release|Any CPU.ActiveCfg = Release|Any CPU
		{5CC1E533-E7D9-4E42-A709-C5720547358E}.Release|Any CPU.Build.0 = Release|Any CPU
	EndGlobalSection
	GlobalSection(SolutionProperties) = preSolution
		HideSolutionNode = FALSE
	EndGlobalSection
	GlobalSection(ExtensibilityGlobals) = postSolution
		SolutionGuid = {7ECAF39D-35E4-4FDA-AA3B-76BB712ABAA2}
	EndGlobalSection
EndGlobal
